// !$*UTF8*$!
{
	archiveVersion = 1;
	classes = {
	};
	objectVersion = 54;
	objects = {

/* Begin PBXBuildFile section */
		B58D1615263F62BD00BAD4DE /* AppDelegate.swift in Sources */ = {isa = PBXBuildFile; fileRef = B58D1614263F62BD00BAD4DE /* AppDelegate.swift */; };
		B58D1617263F62BD00BAD4DE /* ViewController.swift in Sources */ = {isa = PBXBuildFile; fileRef = B58D1616263F62BD00BAD4DE /* ViewController.swift */; };
		B58D1619263F62C000BAD4DE /* Assets.xcassets in Resources */ = {isa = PBXBuildFile; fileRef = B58D1618263F62C000BAD4DE /* Assets.xcassets */; };
		B58D161C263F62C000BAD4DE /* Main.storyboard in Resources */ = {isa = PBXBuildFile; fileRef = B58D161A263F62C000BAD4DE /* Main.storyboard */; };
		B5D135BB28D8E22300535308 /* Alert.swift in Sources */ = {isa = PBXBuildFile; fileRef = B5D135BA28D8E22300535308 /* Alert.swift */; };
		CE1339022F0E8A8A008AF1DA /* TelemetryDeckConfig.swift in Sources */ = {isa = PBXBuildFile; fileRef = CE1339012F0E8A8A008AF1DA /* TelemetryDeckConfig.swift */; };
		CE1339052F0E8AA4008AF1DA /* TelemetryDeck in Frameworks */ = {isa = PBXBuildFile; productRef = CE1339042F0E8AA4008AF1DA /* TelemetryDeck */; };
		CE1339072F0E8B64008AF1DA /* AboutVC.swift in Sources */ = {isa = PBXBuildFile; fileRef = CE1339062F0E8B64008AF1DA /* AboutVC.swift */; };
		CE1339092F0E8D20008AF1DA /* Globals.swift in Sources */ = {isa = PBXBuildFile; fileRef = CE1339082F0E8D20008AF1DA /* Globals.swift */; };
		CE2966652E025CD1001F0FDC /* ResourceCheck.swift in Sources */ = {isa = PBXBuildFile; fileRef = CE2966642E025CD1001F0FDC /* ResourceCheck.swift */; };
		CE2966672E025D12001F0FDC /* RepositoryValues.swift in Sources */ = {isa = PBXBuildFile; fileRef = CE2966662E025D12001F0FDC /* RepositoryValues.swift */; };
		CE2966692E025D29001F0FDC /* urls.json in Resources */ = {isa = PBXBuildFile; fileRef = CE2966682E025D29001F0FDC /* urls.json */; };
		CE29666B2E025E1A001F0FDC /* LoggerExtension.swift in Sources */ = {isa = PBXBuildFile; fileRef = CE29666A2E025E1A001F0FDC /* LoggerExtension.swift */; };
/* End PBXBuildFile section */

/* Begin PBXFileReference section */
		B58D1611263F62BD00BAD4DE /* jhc.app */ = {isa = PBXFileReference; explicitFileType = wrapper.application; includeInIndex = 0; path = jhc.app; sourceTree = BUILT_PRODUCTS_DIR; };
		B58D1614263F62BD00BAD4DE /* AppDelegate.swift */ = {isa = PBXFileReference; lastKnownFileType = sourcecode.swift; path = AppDelegate.swift; sourceTree = "<group>"; };
		B58D1616263F62BD00BAD4DE /* ViewController.swift */ = {isa = PBXFileReference; lastKnownFileType = sourcecode.swift; path = ViewController.swift; sourceTree = "<group>"; };
		B58D1618263F62C000BAD4DE /* Assets.xcassets */ = {isa = PBXFileReference; lastKnownFileType = folder.assetcatalog; path = Assets.xcassets; sourceTree = "<group>"; };
		B58D161B263F62C000BAD4DE /* Base */ = {isa = PBXFileReference; lastKnownFileType = file.storyboard; name = Base; path = Base.lproj/Main.storyboard; sourceTree = "<group>"; };
		B58D161D263F62C000BAD4DE /* Info.plist */ = {isa = PBXFileReference; lastKnownFileType = text.plist.xml; path = Info.plist; sourceTree = "<group>"; };
		B58D161E263F62C000BAD4DE /* jhc.entitlements */ = {isa = PBXFileReference; lastKnownFileType = text.plist.entitlements; path = jhc.entitlements; sourceTree = "<group>"; };
		B5B80D0226482A9E001D4320 /* Notes */ = {isa = PBXFileReference; lastKnownFileType = text; path = Notes; sourceTree = "<group>"; };
		B5D135BA28D8E22300535308 /* Alert.swift */ = {isa = PBXFileReference; fileEncoding = 4; lastKnownFileType = sourcecode.swift; path = Alert.swift; sourceTree = "<group>"; };
		CE1339012F0E8A8A008AF1DA /* TelemetryDeckConfig.swift */ = {isa = PBXFileReference; lastKnownFileType = sourcecode.swift; path = TelemetryDeckConfig.swift; sourceTree = "<group>"; };
		CE1339062F0E8B64008AF1DA /* AboutVC.swift */ = {isa = PBXFileReference; lastKnownFileType = sourcecode.swift; path = AboutVC.swift; sourceTree = "<group>"; };
		CE1339082F0E8D20008AF1DA /* Globals.swift */ = {isa = PBXFileReference; lastKnownFileType = sourcecode.swift; path = Globals.swift; sourceTree = "<group>"; };
		CE2966642E025CD1001F0FDC /* ResourceCheck.swift */ = {isa = PBXFileReference; lastKnownFileType = sourcecode.swift; path = ResourceCheck.swift; sourceTree = "<group>"; };
		CE2966662E025D12001F0FDC /* RepositoryValues.swift */ = {isa = PBXFileReference; lastKnownFileType = sourcecode.swift; path = RepositoryValues.swift; sourceTree = "<group>"; };
		CE2966682E025D29001F0FDC /* urls.json */ = {isa = PBXFileReference; lastKnownFileType = text.json; path = urls.json; sourceTree = "<group>"; };
		CE29666A2E025E1A001F0FDC /* LoggerExtension.swift */ = {isa = PBXFileReference; lastKnownFileType = sourcecode.swift; path = LoggerExtension.swift; sourceTree = "<group>"; };
/* End PBXFileReference section */

/* Begin PBXFrameworksBuildPhase section */
		B58D160E263F62BD00BAD4DE /* Frameworks */ = {
			isa = PBXFrameworksBuildPhase;
			buildActionMask = 2147483647;
			files = (
				CE1339052F0E8AA4008AF1DA /* TelemetryDeck in Frameworks */,
			);
			runOnlyForDeploymentPostprocessing = 0;
		};
/* End PBXFrameworksBuildPhase section */

/* Begin PBXGroup section */
		B58D1608263F62BC00BAD4DE = {
			isa = PBXGroup;
			children = (
				B58D1613263F62BD00BAD4DE /* jhc */,
				B58D1612263F62BD00BAD4DE /* Products */,
				B5D135BC28D96BB700535308 /* Frameworks */,
			);
			sourceTree = "<group>";
		};
		B58D1612263F62BD00BAD4DE /* Products */ = {
			isa = PBXGroup;
			children = (
				B58D1611263F62BD00BAD4DE /* jhc.app */,
			);
			name = Products;
			sourceTree = "<group>";
		};
		B58D1613263F62BD00BAD4DE /* jhc */ = {
			isa = PBXGroup;
			children = (
				CE1339062F0E8B64008AF1DA /* AboutVC.swift */,
				B5D135BA28D8E22300535308 /* Alert.swift */,
				B58D1614263F62BD00BAD4DE /* AppDelegate.swift */,
				CE1339082F0E8D20008AF1DA /* Globals.swift */,
				CE29666A2E025E1A001F0FDC /* LoggerExtension.swift */,
				CE2966662E025D12001F0FDC /* RepositoryValues.swift */,
				CE2966642E025CD1001F0FDC /* ResourceCheck.swift */,
				CE1339012F0E8A8A008AF1DA /* TelemetryDeckConfig.swift */,
				B58D1616263F62BD00BAD4DE /* ViewController.swift */,
				B58D1618263F62C000BAD4DE /* Assets.xcassets */,
				B58D161A263F62C000BAD4DE /* Main.storyboard */,
				B58D161D263F62C000BAD4DE /* Info.plist */,
				B58D161E263F62C000BAD4DE /* jhc.entitlements */,
				B5B80D0226482A9E001D4320 /* Notes */,
				CE2966682E025D29001F0FDC /* urls.json */,
			);
			path = jhc;
			sourceTree = "<group>";
		};
		B5D135BC28D96BB700535308 /* Frameworks */ = {
			isa = PBXGroup;
			children = (
			);
			name = Frameworks;
			sourceTree = "<group>";
		};
/* End PBXGroup section */

/* Begin PBXNativeTarget section */
		B58D1610263F62BD00BAD4DE /* jhc */ = {
			isa = PBXNativeTarget;
			buildConfigurationList = B58D1621263F62C000BAD4DE /* Build configuration list for PBXNativeTarget "jhc" */;
			buildPhases = (
				B58D160D263F62BD00BAD4DE /* Sources */,
				B58D160E263F62BD00BAD4DE /* Frameworks */,
				B58D160F263F62BD00BAD4DE /* Resources */,
			);
			buildRules = (
			);
			dependencies = (
			);
			name = jhc;
			productName = jhc;
			productReference = B58D1611263F62BD00BAD4DE /* jhc.app */;
			productType = "com.apple.product-type.application";
		};
/* End PBXNativeTarget section */

/* Begin PBXProject section */
		B58D1609263F62BC00BAD4DE /* Project object */ = {
			isa = PBXProject;
			attributes = {
				LastSwiftUpdateCheck = 1240;
				LastUpgradeCheck = 1400;
				TargetAttributes = {
					B58D1610263F62BD00BAD4DE = {
						CreatedOnToolsVersion = 12.4;
					};
				};
			};
			buildConfigurationList = B58D160C263F62BC00BAD4DE /* Build configuration list for PBXProject "jhc" */;
			compatibilityVersion = "Xcode 9.3";
			developmentRegion = en;
			hasScannedForEncodings = 0;
			knownRegions = (
				en,
				Base,
			);
			mainGroup = B58D1608263F62BC00BAD4DE;
			packageReferences = (
				CE1339032F0E8AA4008AF1DA /* XCRemoteSwiftPackageReference "SwiftSDK" */,
			);
			productRefGroup = B58D1612263F62BD00BAD4DE /* Products */;
			projectDirPath = "";
			projectRoot = "";
			targets = (
				B58D1610263F62BD00BAD4DE /* jhc */,
			);
		};
/* End PBXProject section */

/* Begin PBXResourcesBuildPhase section */
		B58D160F263F62BD00BAD4DE /* Resources */ = {
			isa = PBXResourcesBuildPhase;
			buildActionMask = 2147483647;
			files = (
				CE2966692E025D29001F0FDC /* urls.json in Resources */,
				B58D1619263F62C000BAD4DE /* Assets.xcassets in Resources */,
				B58D161C263F62C000BAD4DE /* Main.storyboard in Resources */,
			);
			runOnlyForDeploymentPostprocessing = 0;
		};
/* End PBXResourcesBuildPhase section */

/* Begin PBXSourcesBuildPhase section */
		B58D160D263F62BD00BAD4DE /* Sources */ = {
			isa = PBXSourcesBuildPhase;
			buildActionMask = 2147483647;
			files = (
				CE2966652E025CD1001F0FDC /* ResourceCheck.swift in Sources */,
				CE29666B2E025E1A001F0FDC /* LoggerExtension.swift in Sources */,
				B5D135BB28D8E22300535308 /* Alert.swift in Sources */,
				CE1339022F0E8A8A008AF1DA /* TelemetryDeckConfig.swift in Sources */,
				CE1339072F0E8B64008AF1DA /* AboutVC.swift in Sources */,
				B58D1617263F62BD00BAD4DE /* ViewController.swift in Sources */,
				B58D1615263F62BD00BAD4DE /* AppDelegate.swift in Sources */,
				CE2966672E025D12001F0FDC /* RepositoryValues.swift in Sources */,
				CE1339092F0E8D20008AF1DA /* Globals.swift in Sources */,
			);
			runOnlyForDeploymentPostprocessing = 0;
		};
/* End PBXSourcesBuildPhase section */

/* Begin PBXVariantGroup section */
		B58D161A263F62C000BAD4DE /* Main.storyboard */ = {
			isa = PBXVariantGroup;
			children = (
				B58D161B263F62C000BAD4DE /* Base */,
			);
			name = Main.storyboard;
			sourceTree = "<group>";
		};
/* End PBXVariantGroup section */

/* Begin XCBuildConfiguration section */
		B58D161F263F62C000BAD4DE /* Debug */ = {
			isa = XCBuildConfiguration;
			buildSettings = {
				ALWAYS_SEARCH_USER_PATHS = NO;
				CLANG_ANALYZER_NONNULL = YES;
				CLANG_ANALYZER_NUMBER_OBJECT_CONVERSION = YES_AGGRESSIVE;
				CLANG_CXX_LANGUAGE_STANDARD = "gnu++14";
				CLANG_CXX_LIBRARY = "libc++";
				CLANG_ENABLE_MODULES = YES;
				CLANG_ENABLE_OBJC_ARC = YES;
				CLANG_ENABLE_OBJC_WEAK = YES;
				CLANG_WARN_BLOCK_CAPTURE_AUTORELEASING = YES;
				CLANG_WARN_BOOL_CONVERSION = YES;
				CLANG_WARN_COMMA = YES;
				CLANG_WARN_CONSTANT_CONVERSION = YES;
				CLANG_WARN_DEPRECATED_OBJC_IMPLEMENTATIONS = YES;
				CLANG_WARN_DIRECT_OBJC_ISA_USAGE = YES_ERROR;
				CLANG_WARN_DOCUMENTATION_COMMENTS = YES;
				CLANG_WARN_EMPTY_BODY = YES;
				CLANG_WARN_ENUM_CONVERSION = YES;
				CLANG_WARN_INFINITE_RECURSION = YES;
				CLANG_WARN_INT_CONVERSION = YES;
				CLANG_WARN_NON_LITERAL_NULL_CONVERSION = YES;
				CLANG_WARN_OBJC_IMPLICIT_RETAIN_SELF = YES;
				CLANG_WARN_OBJC_LITERAL_CONVERSION = YES;
				CLANG_WARN_OBJC_ROOT_CLASS = YES_ERROR;
				CLANG_WARN_QUOTED_INCLUDE_IN_FRAMEWORK_HEADER = YES;
				CLANG_WARN_RANGE_LOOP_ANALYSIS = YES;
				CLANG_WARN_STRICT_PROTOTYPES = YES;
				CLANG_WARN_SUSPICIOUS_MOVE = YES;
				CLANG_WARN_UNGUARDED_AVAILABILITY = YES_AGGRESSIVE;
				CLANG_WARN_UNREACHABLE_CODE = YES;
				CLANG_WARN__DUPLICATE_METHOD_MATCH = YES;
				COPY_PHASE_STRIP = NO;
				DEAD_CODE_STRIPPING = YES;
				DEBUG_INFORMATION_FORMAT = dwarf;
				ENABLE_STRICT_OBJC_MSGSEND = YES;
				ENABLE_TESTABILITY = YES;
				GCC_C_LANGUAGE_STANDARD = gnu11;
				GCC_DYNAMIC_NO_PIC = NO;
				GCC_NO_COMMON_BLOCKS = YES;
				GCC_OPTIMIZATION_LEVEL = 0;
				GCC_PREPROCESSOR_DEFINITIONS = (
					"DEBUG=1",
					"$(inherited)",
				);
				GCC_WARN_64_TO_32_BIT_CONVERSION = YES;
				GCC_WARN_ABOUT_RETURN_TYPE = YES_ERROR;
				GCC_WARN_UNDECLARED_SELECTOR = YES;
				GCC_WARN_UNINITIALIZED_AUTOS = YES_AGGRESSIVE;
				GCC_WARN_UNUSED_FUNCTION = YES;
				GCC_WARN_UNUSED_VARIABLE = YES;
				MACOSX_DEPLOYMENT_TARGET = 11.1;
				MTL_ENABLE_DEBUG_INFO = INCLUDE_SOURCE;
				MTL_FAST_MATH = YES;
				ONLY_ACTIVE_ARCH = YES;
				SDKROOT = macosx;
				SWIFT_ACTIVE_COMPILATION_CONDITIONS = DEBUG;
				SWIFT_OPTIMIZATION_LEVEL = "-Onone";
			};
			name = Debug;
		};
		B58D1620263F62C000BAD4DE /* Release */ = {
			isa = XCBuildConfiguration;
			buildSettings = {
				ALWAYS_SEARCH_USER_PATHS = NO;
				CLANG_ANALYZER_NONNULL = YES;
				CLANG_ANALYZER_NUMBER_OBJECT_CONVERSION = YES_AGGRESSIVE;
				CLANG_CXX_LANGUAGE_STANDARD = "gnu++14";
				CLANG_CXX_LIBRARY = "libc++";
				CLANG_ENABLE_MODULES = YES;
				CLANG_ENABLE_OBJC_ARC = YES;
				CLANG_ENABLE_OBJC_WEAK = YES;
				CLANG_WARN_BLOCK_CAPTURE_AUTORELEASING = YES;
				CLANG_WARN_BOOL_CONVERSION = YES;
				CLANG_WARN_COMMA = YES;
				CLANG_WARN_CONSTANT_CONVERSION = YES;
				CLANG_WARN_DEPRECATED_OBJC_IMPLEMENTATIONS = YES;
				CLANG_WARN_DIRECT_OBJC_ISA_USAGE = YES_ERROR;
				CLANG_WARN_DOCUMENTATION_COMMENTS = YES;
				CLANG_WARN_EMPTY_BODY = YES;
				CLANG_WARN_ENUM_CONVERSION = YES;
				CLANG_WARN_INFINITE_RECURSION = YES;
				CLANG_WARN_INT_CONVERSION = YES;
				CLANG_WARN_NON_LITERAL_NULL_CONVERSION = YES;
				CLANG_WARN_OBJC_IMPLICIT_RETAIN_SELF = YES;
				CLANG_WARN_OBJC_LITERAL_CONVERSION = YES;
				CLANG_WARN_OBJC_ROOT_CLASS = YES_ERROR;
				CLANG_WARN_QUOTED_INCLUDE_IN_FRAMEWORK_HEADER = YES;
				CLANG_WARN_RANGE_LOOP_ANALYSIS = YES;
				CLANG_WARN_STRICT_PROTOTYPES = YES;
				CLANG_WARN_SUSPICIOUS_MOVE = YES;
				CLANG_WARN_UNGUARDED_AVAILABILITY = YES_AGGRESSIVE;
				CLANG_WARN_UNREACHABLE_CODE = YES;
				CLANG_WARN__DUPLICATE_METHOD_MATCH = YES;
				COPY_PHASE_STRIP = NO;
				DEAD_CODE_STRIPPING = YES;
				DEBUG_INFORMATION_FORMAT = "dwarf-with-dsym";
				ENABLE_NS_ASSERTIONS = NO;
				ENABLE_STRICT_OBJC_MSGSEND = YES;
				GCC_C_LANGUAGE_STANDARD = gnu11;
				GCC_NO_COMMON_BLOCKS = YES;
				GCC_WARN_64_TO_32_BIT_CONVERSION = YES;
				GCC_WARN_ABOUT_RETURN_TYPE = YES_ERROR;
				GCC_WARN_UNDECLARED_SELECTOR = YES;
				GCC_WARN_UNINITIALIZED_AUTOS = YES_AGGRESSIVE;
				GCC_WARN_UNUSED_FUNCTION = YES;
				GCC_WARN_UNUSED_VARIABLE = YES;
				MACOSX_DEPLOYMENT_TARGET = 11.1;
				MTL_ENABLE_DEBUG_INFO = NO;
				MTL_FAST_MATH = YES;
				SDKROOT = macosx;
				SWIFT_COMPILATION_MODE = wholemodule;
				SWIFT_OPTIMIZATION_LEVEL = "-O";
			};
			name = Release;
		};
		B58D1622263F62C000BAD4DE /* Debug */ = {
			isa = XCBuildConfiguration;
			buildSettings = {
				ASSETCATALOG_COMPILER_APPICON_NAME = AppIcon;
				ASSETCATALOG_COMPILER_GLOBAL_ACCENT_COLOR_NAME = AccentColor;
				CODE_SIGN_ENTITLEMENTS = jhc/jhc.entitlements;
				CODE_SIGN_IDENTITY = "-";
				"CODE_SIGN_IDENTITY[sdk=macosx*]" = "Apple Development";
				CODE_SIGN_STYLE = Automatic;
				COMBINE_HIDPI_IMAGES = YES;
				CURRENT_PROJECT_VERSION = 1;
				DEAD_CODE_STRIPPING = YES;
				DEVELOPMENT_TEAM = PS2F6S478M;
				ENABLE_HARDENED_RUNTIME = YES;
				INFOPLIST_FILE = jhc/Info.plist;
				INFOPLIST_KEY_CFBundleDisplayName = "jamfHelper Constructor";
				INFOPLIST_KEY_LSApplicationCategoryType = "public.app-category.utilities";
				LD_RUNPATH_SEARCH_PATHS = (
					"$(inherited)",
					"@executable_path/../Frameworks",
				);
				MACOSX_DEPLOYMENT_TARGET = 11.5;
				MARKETING_VERSION = 1.1.0;
				PRODUCT_BUNDLE_IDENTIFIER = com.jamfpse.jhc;
				PRODUCT_NAME = "$(TARGET_NAME)";
				SWIFT_VERSION = 5.0;
			};
			name = Debug;
		};
		B58D1623263F62C000BAD4DE /* Release */ = {
			isa = XCBuildConfiguration;
			buildSettings = {
				ASSETCATALOG_COMPILER_APPICON_NAME = AppIcon;
				ASSETCATALOG_COMPILER_GLOBAL_ACCENT_COLOR_NAME = AccentColor;
				CODE_SIGN_ENTITLEMENTS = jhc/jhc.entitlements;
				CODE_SIGN_IDENTITY = "-";
				"CODE_SIGN_IDENTITY[sdk=macosx*]" = "Apple Development";
				CODE_SIGN_STYLE = Automatic;
				COMBINE_HIDPI_IMAGES = YES;
				CURRENT_PROJECT_VERSION = 1;
				DEAD_CODE_STRIPPING = YES;
				DEVELOPMENT_TEAM = PS2F6S478M;
				ENABLE_HARDENED_RUNTIME = YES;
				INFOPLIST_FILE = jhc/Info.plist;
				INFOPLIST_KEY_CFBundleDisplayName = "jamfHelper Constructor";
				INFOPLIST_KEY_LSApplicationCategoryType = "public.app-category.utilities";
				LD_RUNPATH_SEARCH_PATHS = (
					"$(inherited)",
					"@executable_path/../Frameworks",
				);
				MACOSX_DEPLOYMENT_TARGET = 11.5;
				MARKETING_VERSION = 1.1.0;
				PRODUCT_BUNDLE_IDENTIFIER = com.jamfpse.jhc;
				PRODUCT_NAME = "$(TARGET_NAME)";
				SWIFT_VERSION = 5.0;
			};
			name = Release;
		};
/* End XCBuildConfiguration section */

/* Begin XCConfigurationList section */
		B58D160C263F62BC00BAD4DE /* Build configuration list for PBXProject "jhc" */ = {
			isa = XCConfigurationList;
			buildConfigurations = (
				B58D161F263F62C000BAD4DE /* Debug */,
				B58D1620263F62C000BAD4DE /* Release */,
			);
			defaultConfigurationIsVisible = 0;
			defaultConfigurationName = Release;
		};
		B58D1621263F62C000BAD4DE /* Build configuration list for PBXNativeTarget "jhc" */ = {
			isa = XCConfigurationList;
			buildConfigurations = (
				B58D1622263F62C000BAD4DE /* Debug */,
				B58D1623263F62C000BAD4DE /* Release */,
			);
			defaultConfigurationIsVisible = 0;
			defaultConfigurationName = Release;
		};
/* End XCConfigurationList section */

/* Begin XCRemoteSwiftPackageReference section */
		CE1339032F0E8AA4008AF1DA /* XCRemoteSwiftPackageReference "SwiftSDK" */ = {
			isa = XCRemoteSwiftPackageReference;
			repositoryURL = "https://github.com/TelemetryDeck/SwiftSDK";
			requirement = {
				kind = upToNextMajorVersion;
				minimumVersion = 2.11.0;
			};
		};
/* End XCRemoteSwiftPackageReference section */

/* Begin XCSwiftPackageProductDependency section */
		CE1339042F0E8AA4008AF1DA /* TelemetryDeck */ = {
			isa = XCSwiftPackageProductDependency;
			package = CE1339032F0E8AA4008AF1DA /* XCRemoteSwiftPackageReference "SwiftSDK" */;
			productName = TelemetryDeck;
		};
/* End XCSwiftPackageProductDependency section */
	};
	rootObject = B58D1609263F62BC00BAD4DE /* Project object */;
}
